
Microsoft Visual Studio Solution File, Format Version 12.00
# Visual Studio Version 16
VisualStudioVersion = 16.0.31402.337
MinimumVisualStudioVersion = 10.0.40219.1
Project("{FAE04EC0-301F-11D3-BF4B-00C04F79EFBC}") = "WebApplication3", "WebApplication3\WebApplication3.csproj", "{D6580B9A-BCFC-4DC3-8DE6-F56DB708CFA8}"
EndProject
Global
	GlobalSection(SolutionConfigurationPlatforms) = preSolution
		Debug|Any CPU = Debug|Any CPU
		Release|Any CPU = Release|Any CPU
	EndGlobalSection
	GlobalSection(ProjectConfigurationPlatforms) = postSolution
		{D6580B9A-BCFC-4DC3-8DE6-F56DB708CFA8}.Debug|Any CPU.ActiveCfg = Debug|Any CPU
		{D6580B9A-BCFC-4DC3-8DE6-F56DB708CFA8}.Debug|Any CPU.Build.0 = Debug|Any CPU
		{D6580B9A-BCFC-4DC3-8DE6-F56DB708CFA8}.Release|Any CPU.ActiveCfg = Release|Any CPU
		{D6580B9A-BCFC-4DC3-8DE6-F56DB708CFA8}.Release|Any CPU.Build.0 = Release|Any CPU
	EndGlobalSection
	GlobalSection(SolutionProperties) = preSolution
		HideSolutionNode = FALSE
	EndGlobalSection
	GlobalSection(ExtensibilityGlobals) = postSolution
		SolutionGuid = {FE145205-EB80-44A1-8F81-E939AA6D10A7}
	EndGlobalSection
EndGlobal
